
Microsoft Visual Studio Solution File, Format Version 12.00
# Visual Studio Version 17
VisualStudioVersion = 17.2.32630.192
MinimumVisualStudioVersion = 10.0.40219.1
Project("{8BC9CEB8-8B4A-11D0-8D11-00A0C91BC942}") = "LearnModernOpenGL", "LearnModernOpenGL.vcxproj", "{DAB0757E-8878-4768-9DBA-D42D18B336A3}"
EndProject
Global
	GlobalSection(SolutionConfigurationPlatforms) = preSolution
		Debug|x64 = Debug|x64
		Debug|x86 = Debug|x86
		Release|x64 = Release|x64
		Release|x86 = Release|x86
	EndGlobalSection
	GlobalSection(ProjectConfigurationPlatforms) = postSolution
		{DAB0757E-8878-4768-9DBA-D42D18B336A3}.Debug|x64.ActiveCfg = Debug|x64
		{DAB0757E-8878-4768-9DBA-D42D18B336A3}.Debug|x64.Build.0 = Debug|x64
		{DAB0757E-8878-4768-9DBA-D42D18B336A3}.Debug|x86.ActiveCfg = Debug|Win32
		{DAB0757E-8878-4768-9DBA-D42D18B336A3}.Debug|x86.Build.0 = Debug|Win32
		{DAB0757E-8878-4768-9DBA-D42D18B336A3}.Release|x64.ActiveCfg = Release|x64
		{DAB0757E-8878-4768-9DBA-D42D18B336A3}.Release|x64.Build.0 = Release|x64
		{DAB0757E-8878-4768-9DBA-D42D18B336A3}.Release|x86.ActiveCfg = Release|Win32
		{DAB0757E-8878-4768-9DBA-D42D18B336A3}.Release|x86.Build.0 = Release|Win32
	EndGlobalSection
	GlobalSection(SolutionProperties) = preSolution
		HideSolutionNode = FALSE
	EndGlobalSection
	GlobalSection(ExtensibilityGlobals) = postSolution
		SolutionGuid = {41FFEE5C-A3D9-41A4-A37C-CE33CC19BD6A}
	EndGlobalSection
EndGlobal
